
Microsoft Visual Studio Solution File, Format Version 12.00
# Visual Studio Version 17
VisualStudioVersion = 17.0.32112.339
MinimumVisualStudioVersion = 10.0.40219.1
Project("{FAE04EC0-301F-11D3-BF4B-00C04F79EFBC}") = "AdvancedExamPrep2", "AdvancedExamPrep2\AdvancedExamPrep2.csproj", "{94079ABB-DAD9-4EED-A9CC-CDE0DB6196F3}"
EndProject
Project("{FAE04EC0-301F-11D3-BF4B-00C04F79EFBC}") = "Warships", "Warships\Warships.csproj", "{FE215A24-8B2A-46E3-B302-53A9D3E2A58F}"
EndProject
Global
	GlobalSection(SolutionConfigurationPlatforms) = preSolution
		Debug|Any CPU = Debug|Any CPU
		Release|Any CPU = Release|Any CPU
	EndGlobalSection
	GlobalSection(ProjectConfigurationPlatforms) = postSolution
		{94079ABB-DAD9-4EED-A9CC-CDE0DB6196F3}.Debug|Any CPU.ActiveCfg = Debug|Any CPU
		{94079ABB-DAD9-4EED-A9CC-CDE0DB6196F3}.Debug|Any CPU.Build.0 = Debug|Any CPU
		{94079ABB-DAD9-4EED-A9CC-CDE0DB6196F3}.Release|Any CPU.ActiveCfg = Release|Any CPU
		{94079ABB-DAD9-4EED-A9CC-CDE0DB6196F3}.Release|Any CPU.Build.0 = Release|Any CPU
		{FE215A24-8B2A-46E3-B302-53A9D3E2A58F}.Debug|Any CPU.ActiveCfg = Debug|Any CPU
		{FE215A24-8B2A-46E3-B302-53A9D3E2A58F}.Debug|Any CPU.Build.0 = Debug|Any CPU
		{FE215A24-8B2A-46E3-B302-53A9D3E2A58F}.Release|Any CPU.ActiveCfg = Release|Any CPU
		{FE215A24-8B2A-46E3-B302-53A9D3E2A58F}.Release|Any CPU.Build.0 = Release|Any CPU
	EndGlobalSection
	GlobalSection(SolutionProperties) = preSolution
		HideSolutionNode = FALSE
	EndGlobalSection
	GlobalSection(ExtensibilityGlobals) = postSolution
		SolutionGuid = {FA5F44E3-B0D7-4D6C-8FB6-4BFA302228B4}
	EndGlobalSection
EndGlobal
