
Microsoft Visual Studio Solution File, Format Version 12.00
# Visual Studio Version 17
VisualStudioVersion = 17.0.32112.339
MinimumVisualStudioVersion = 10.0.40219.1
Project("{FAE04EC0-301F-11D3-BF4B-00C04F79EFBC}") = "JaggedArraysEx", "JaggedArraysEx\JaggedArraysEx.csproj", "{CBC5BB70-D309-4EDA-B8EA-71D189A57281}"
EndProject
Project("{FAE04EC0-301F-11D3-BF4B-00C04F79EFBC}") = "SquaresInMatrix", "SquaresInMatrix\SquaresInMatrix.csproj", "{7271C9BE-6A4C-46BF-A94D-660CE85022B4}"
EndProject
Project("{9A19103F-16F7-4668-BE54-9A1E7A4F7556}") = "SubMatrixMaxSum", "..\JaggedArraysLab\SubMatrixMaxSum\SubMatrixMaxSum.csproj", "{CA5D867A-B71E-48DD-871C-8441331FCADB}"
EndProject
Project("{FAE04EC0-301F-11D3-BF4B-00C04F79EFBC}") = "MatrixShuffle", "MatrixShuffle\MatrixShuffle.csproj", "{186C5F4B-BA1B-4048-AF66-6BBA76F38380}"
EndProject
Project("{FAE04EC0-301F-11D3-BF4B-00C04F79EFBC}") = "SnakeMoves", "SnakeMoves\SnakeMoves.csproj", "{E5B14082-8CBF-4172-B0AF-DF5508AF26F2}"
EndProject
Project("{FAE04EC0-301F-11D3-BF4B-00C04F79EFBC}") = "JaggerManipulator", "JaggerManipulator\JaggerManipulator.csproj", "{E5712911-9C16-4DA7-BEC4-0F7048C60273}"
EndProject
Project("{FAE04EC0-301F-11D3-BF4B-00C04F79EFBC}") = "KnightGame", "KnightGame\KnightGame.csproj", "{DB661BBC-93BB-4019-9A84-F0B23F497A0B}"
EndProject
Project("{FAE04EC0-301F-11D3-BF4B-00C04F79EFBC}") = "ArrayBombs", "ArrayBombs\ArrayBombs.csproj", "{9C746B49-4CA7-4EBE-9DA4-038CFB0C9F42}"
EndProject
Project("{FAE04EC0-301F-11D3-BF4B-00C04F79EFBC}") = "Miner", "Miner\Miner.csproj", "{5E4E004F-F4B3-4FC6-8A54-2F558433C8DE}"
EndProject
Project("{FAE04EC0-301F-11D3-BF4B-00C04F79EFBC}") = "SuperUltraStrangeBunnies", "SuperUltraStrangeBunnies\SuperUltraStrangeBunnies.csproj", "{A213B341-843D-4167-A047-9E40E5E09E5E}"
EndProject
Global
	GlobalSection(SolutionConfigurationPlatforms) = preSolution
		Debug|Any CPU = Debug|Any CPU
		Release|Any CPU = Release|Any CPU
	EndGlobalSection
	GlobalSection(ProjectConfigurationPlatforms) = postSolution
		{CBC5BB70-D309-4EDA-B8EA-71D189A57281}.Debug|Any CPU.ActiveCfg = Debug|Any CPU
		{CBC5BB70-D309-4EDA-B8EA-71D189A57281}.Debug|Any CPU.Build.0 = Debug|Any CPU
		{CBC5BB70-D309-4EDA-B8EA-71D189A57281}.Release|Any CPU.ActiveCfg = Release|Any CPU
		{CBC5BB70-D309-4EDA-B8EA-71D189A57281}.Release|Any CPU.Build.0 = Release|Any CPU
		{7271C9BE-6A4C-46BF-A94D-660CE85022B4}.Debug|Any CPU.ActiveCfg = Debug|Any CPU
		{7271C9BE-6A4C-46BF-A94D-660CE85022B4}.Debug|Any CPU.Build.0 = Debug|Any CPU
		{7271C9BE-6A4C-46BF-A94D-660CE85022B4}.Release|Any CPU.ActiveCfg = Release|Any CPU
		{7271C9BE-6A4C-46BF-A94D-660CE85022B4}.Release|Any CPU.Build.0 = Release|Any CPU
		{CA5D867A-B71E-48DD-871C-8441331FCADB}.Debug|Any CPU.ActiveCfg = Debug|Any CPU
		{CA5D867A-B71E-48DD-871C-8441331FCADB}.Debug|Any CPU.Build.0 = Debug|Any CPU
		{CA5D867A-B71E-48DD-871C-8441331FCADB}.Release|Any CPU.ActiveCfg = Release|Any CPU
		{CA5D867A-B71E-48DD-871C-8441331FCADB}.Release|Any CPU.Build.0 = Release|Any CPU
		{186C5F4B-BA1B-4048-AF66-6BBA76F38380}.Debug|Any CPU.ActiveCfg = Debug|Any CPU
		{186C5F4B-BA1B-4048-AF66-6BBA76F38380}.Debug|Any CPU.Build.0 = Debug|Any CPU
		{186C5F4B-BA1B-4048-AF66-6BBA76F38380}.Release|Any CPU.ActiveCfg = Release|Any CPU
		{186C5F4B-BA1B-4048-AF66-6BBA76F38380}.Release|Any CPU.Build.0 = Release|Any CPU
		{E5B14082-8CBF-4172-B0AF-DF5508AF26F2}.Debug|Any CPU.ActiveCfg = Debug|Any CPU
		{E5B14082-8CBF-4172-B0AF-DF5508AF26F2}.Debug|Any CPU.Build.0 = Debug|Any CPU
		{E5B14082-8CBF-4172-B0AF-DF5508AF26F2}.Release|Any CPU.ActiveCfg = Release|Any CPU
		{E5B14082-8CBF-4172-B0AF-DF5508AF26F2}.Release|Any CPU.Build.0 = Release|Any CPU
		{E5712911-9C16-4DA7-BEC4-0F7048C60273}.Debug|Any CPU.ActiveCfg = Debug|Any CPU
		{E5712911-9C16-4DA7-BEC4-0F7048C60273}.Debug|Any CPU.Build.0 = Debug|Any CPU
		{E5712911-9C16-4DA7-BEC4-0F7048C60273}.Release|Any CPU.ActiveCfg = Release|Any CPU
		{E5712911-9C16-4DA7-BEC4-0F7048C60273}.Release|Any CPU.Build.0 = Release|Any CPU
		{DB661BBC-93BB-4019-9A84-F0B23F497A0B}.Debug|Any CPU.ActiveCfg = Debug|Any CPU
		{DB661BBC-93BB-4019-9A84-F0B23F497A0B}.Debug|Any CPU.Build.0 = Debug|Any CPU
		{DB661BBC-93BB-4019-9A84-F0B23F497A0B}.Release|Any CPU.ActiveCfg = Release|Any CPU
		{DB661BBC-93BB-4019-9A84-F0B23F497A0B}.Release|Any CPU.Build.0 = Release|Any CPU
		{9C746B49-4CA7-4EBE-9DA4-038CFB0C9F42}.Debug|Any CPU.ActiveCfg = Debug|Any CPU
		{9C746B49-4CA7-4EBE-9DA4-038CFB0C9F42}.Debug|Any CPU.Build.0 = Debug|Any CPU
		{9C746B49-4CA7-4EBE-9DA4-038CFB0C9F42}.Release|Any CPU.ActiveCfg = Release|Any CPU
		{9C746B49-4CA7-4EBE-9DA4-038CFB0C9F42}.Release|Any CPU.Build.0 = Release|Any CPU
		{5E4E004F-F4B3-4FC6-8A54-2F558433C8DE}.Debug|Any CPU.ActiveCfg = Debug|Any CPU
		{5E4E004F-F4B3-4FC6-8A54-2F558433C8DE}.Debug|Any CPU.Build.0 = Debug|Any CPU
		{5E4E004F-F4B3-4FC6-8A54-2F558433C8DE}.Release|Any CPU.ActiveCfg = Release|Any CPU
		{5E4E004F-F4B3-4FC6-8A54-2F558433C8DE}.Release|Any CPU.Build.0 = Release|Any CPU
		{A213B341-843D-4167-A047-9E40E5E09E5E}.Debug|Any CPU.ActiveCfg = Debug|Any CPU
		{A213B341-843D-4167-A047-9E40E5E09E5E}.Debug|Any CPU.Build.0 = Debug|Any CPU
		{A213B341-843D-4167-A047-9E40E5E09E5E}.Release|Any CPU.ActiveCfg = Release|Any CPU
		{A213B341-843D-4167-A047-9E40E5E09E5E}.Release|Any CPU.Build.0 = Release|Any CPU
	EndGlobalSection
	GlobalSection(SolutionProperties) = preSolution
		HideSolutionNode = FALSE
	EndGlobalSection
	GlobalSection(ExtensibilityGlobals) = postSolution
		SolutionGuid = {149CEA89-2096-4343-968B-A832E7F40D27}
	EndGlobalSection
EndGlobal
