
Microsoft Visual Studio Solution File, Format Version 12.00
# Visual Studio Version 17
VisualStudioVersion = 17.0.32112.339
MinimumVisualStudioVersion = 10.0.40219.1
Project("{FAE04EC0-301F-11D3-BF4B-00C04F79EFBC}") = "EncapsulationEx", "EncapsulationEx\EncapsulationEx.csproj", "{C2D47054-0111-42E4-8C29-78E0EA778459}"
EndProject
Global
	GlobalSection(SolutionConfigurationPlatforms) = preSolution
		Debug|Any CPU = Debug|Any CPU
		Release|Any CPU = Release|Any CPU
	EndGlobalSection
	GlobalSection(ProjectConfigurationPlatforms) = postSolution
		{C2D47054-0111-42E4-8C29-78E0EA778459}.Debug|Any CPU.ActiveCfg = Debug|Any CPU
		{C2D47054-0111-42E4-8C29-78E0EA778459}.Debug|Any CPU.Build.0 = Debug|Any CPU
		{C2D47054-0111-42E4-8C29-78E0EA778459}.Release|Any CPU.ActiveCfg = Release|Any CPU
		{C2D47054-0111-42E4-8C29-78E0EA778459}.Release|Any CPU.Build.0 = Release|Any CPU
	EndGlobalSection
	GlobalSection(SolutionProperties) = preSolution
		HideSolutionNode = FALSE
	EndGlobalSection
	GlobalSection(ExtensibilityGlobals) = postSolution
		SolutionGuid = {A80266F6-1993-489B-AC63-5BD5B2C5125A}
	EndGlobalSection
EndGlobal
