
Microsoft Visual Studio Solution File, Format Version 12.00
# Visual Studio Version 17
VisualStudioVersion = 17.2.32630.192
MinimumVisualStudioVersion = 10.0.40219.1
Project("{FAE04EC0-301F-11D3-BF4B-00C04F79EFBC}") = "EFCoreBasicsEx", "EFCoreBasicsEx\EFCoreBasicsEx.csproj", "{D61D4807-43E5-4ADB-8476-819D38AE6B91}"
EndProject
Global
	GlobalSection(SolutionConfigurationPlatforms) = preSolution
		Debug|Any CPU = Debug|Any CPU
		Release|Any CPU = Release|Any CPU
	EndGlobalSection
	GlobalSection(ProjectConfigurationPlatforms) = postSolution
		{D61D4807-43E5-4ADB-8476-819D38AE6B91}.Debug|Any CPU.ActiveCfg = Debug|Any CPU
		{D61D4807-43E5-4ADB-8476-819D38AE6B91}.Debug|Any CPU.Build.0 = Debug|Any CPU
		{D61D4807-43E5-4ADB-8476-819D38AE6B91}.Release|Any CPU.ActiveCfg = Release|Any CPU
		{D61D4807-43E5-4ADB-8476-819D38AE6B91}.Release|Any CPU.Build.0 = Release|Any CPU
	EndGlobalSection
	GlobalSection(SolutionProperties) = preSolution
		HideSolutionNode = FALSE
	EndGlobalSection
	GlobalSection(ExtensibilityGlobals) = postSolution
		SolutionGuid = {209A35BF-D01C-4891-90AB-89BD81DAC158}
	EndGlobalSection
EndGlobal
