
Microsoft Visual Studio Solution File, Format Version 12.00
# Visual Studio Version 17
VisualStudioVersion = 17.3.32901.215
MinimumVisualStudioVersion = 10.0.40219.1
Project("{FAE04EC0-301F-11D3-BF4B-00C04F79EFBC}") = "Workshop", "Workshop\Workshop.csproj", "{69741B5F-170D-4150-8F2F-BC01831849DA}"
EndProject
Global
	GlobalSection(SolutionConfigurationPlatforms) = preSolution
		Debug|Any CPU = Debug|Any CPU
		Release|Any CPU = Release|Any CPU
	EndGlobalSection
	GlobalSection(ProjectConfigurationPlatforms) = postSolution
		{69741B5F-170D-4150-8F2F-BC01831849DA}.Debug|Any CPU.ActiveCfg = Debug|Any CPU
		{69741B5F-170D-4150-8F2F-BC01831849DA}.Debug|Any CPU.Build.0 = Debug|Any CPU
		{69741B5F-170D-4150-8F2F-BC01831849DA}.Release|Any CPU.ActiveCfg = Release|Any CPU
		{69741B5F-170D-4150-8F2F-BC01831849DA}.Release|Any CPU.Build.0 = Release|Any CPU
	EndGlobalSection
	GlobalSection(SolutionProperties) = preSolution
		HideSolutionNode = FALSE
	EndGlobalSection
	GlobalSection(ExtensibilityGlobals) = postSolution
		SolutionGuid = {6EDC2D81-C318-4E1D-B9DF-C93F7A102367}
	EndGlobalSection
EndGlobal
